
Microsoft Visual Studio Solution File, Format Version 12.00
# Visual Studio Version 16
VisualStudioVersion = 16.0.30717.126
MinimumVisualStudioVersion = 10.0.40219.1
Project("{2150E333-8FDC-42A3-9474-1A3956D46DE8}") = "ShopManagement", "ShopManagement", "{5D7477D2-B38A-4C7F-B5FB-5B39650848C5}"
EndProject
Project("{2150E333-8FDC-42A3-9474-1A3956D46DE8}") = "SM.Domain", "SM.Domain", "{0F5C3F68-9EDB-49E5-A94F-DE12A93EFE80}"
EndProject
Project("{9A19103F-16F7-4668-BE54-9A1E7A4F7556}") = "ShopManagement.Domain", "ShopManagement.Domain\ShopManagement.Domain.csproj", "{B2C94195-F4E4-40E6-9327-496C872AF891}"
EndProject
Project("{9A19103F-16F7-4668-BE54-9A1E7A4F7556}") = "0_Framework", "0_Framework\0_Framework.csproj", "{40B814E1-CA11-4BAE-B0FE-7AA78E42BA66}"
EndProject
Project("{2150E333-8FDC-42A3-9474-1A3956D46DE8}") = "SM.Application", "SM.Application", "{FF51F925-6919-4CF6-9CF4-FF12BBFA8E52}"
EndProject
Project("{9A19103F-16F7-4668-BE54-9A1E7A4F7556}") = "ShopManagement.Application.Contracts", "ShopManagement.Application.Contracts\ShopManagement.Application.Contracts.csproj", "{FF444A87-AA08-4F3C-8515-9B4639A3A24E}"
EndProject
Project("{9A19103F-16F7-4668-BE54-9A1E7A4F7556}") = "ShopManagement.Application", "ShopManagement.Application\ShopManagement.Application.csproj", "{E232C0D2-3B99-4B70-8334-8A2D3567254A}"
	ProjectSection(ProjectDependencies) = postProject
		{40B814E1-CA11-4BAE-B0FE-7AA78E42BA66} = {40B814E1-CA11-4BAE-B0FE-7AA78E42BA66}
	EndProjectSection
EndProject
Project("{2150E333-8FDC-42A3-9474-1A3956D46DE8}") = "SM.Infrastructure", "SM.Infrastructure", "{8F973785-2A31-40C3-A002-A20880EDAA4F}"
EndProject
Project("{9A19103F-16F7-4668-BE54-9A1E7A4F7556}") = "ShopManagement.Infrastructure.EFCore", "ShopManagement.Infrastructure.EFCore\ShopManagement.Infrastructure.EFCore.csproj", "{FF444748-A619-45D7-85B8-C77FCCE218FB}"
EndProject
Project("{9A19103F-16F7-4668-BE54-9A1E7A4F7556}") = "ShopManagement.Configuration", "ShopManagement.Configuration\ShopManagement.Configuration.csproj", "{4383A913-55D8-4E95-8450-FC652058C678}"
EndProject
Project("{9A19103F-16F7-4668-BE54-9A1E7A4F7556}") = "ServiceHost", "ServiceHost\ServiceHost.csproj", "{FDEF6BA4-FF19-4AE7-AF43-465308C85B57}"
EndProject
Project("{9A19103F-16F7-4668-BE54-9A1E7A4F7556}") = "01_ShopFinalQuery", "01_ShopFinalQuery\01_ShopFinalQuery.csproj", "{E704BD89-7CCC-40A2-A291-5031727106D2}"
EndProject
Project("{2150E333-8FDC-42A3-9474-1A3956D46DE8}") = "DiscountManagement", "DiscountManagement", "{4B848D59-2E98-4FCC-859D-5D10BA967EC7}"
EndProject
Project("{2150E333-8FDC-42A3-9474-1A3956D46DE8}") = "DM.Domain", "DM.Domain", "{E7D4EDA5-6FB5-4917-8426-0ACA3FE1F3E1}"
EndProject
Project("{9A19103F-16F7-4668-BE54-9A1E7A4F7556}") = "DiscountManagement.Domain", "DiscountManagement.Domain\DiscountManagement.Domain.csproj", "{EE7797FA-4E11-469D-8B1A-348FA7F68D14}"
EndProject
Project("{2150E333-8FDC-42A3-9474-1A3956D46DE8}") = "DM.Application", "DM.Application", "{528C93AE-3C80-420A-B0BF-500A1C0D6D62}"
EndProject
Project("{9A19103F-16F7-4668-BE54-9A1E7A4F7556}") = "DiscountManagement.Application.Contract", "DiscountManagement.Application.Contract\DiscountManagement.Application.Contract.csproj", "{ACF070AD-E281-4BFD-AA1A-FA66604B8AC9}"
EndProject
Project("{9A19103F-16F7-4668-BE54-9A1E7A4F7556}") = "DiscountManagement.Application", "DiscountManagement.Application\DiscountManagement.Application.csproj", "{1C967934-7672-48D7-8412-B4FB369202B3}"
EndProject
Project("{2150E333-8FDC-42A3-9474-1A3956D46DE8}") = "DM.Infrastructure", "DM.Infrastructure", "{1B5594F8-8DC7-4C9F-838B-3794788F7A2B}"
EndProject
Project("{9A19103F-16F7-4668-BE54-9A1E7A4F7556}") = "DiscountManagement.Infrastructure.EFCore", "DiscountManagement.Infrastructure.EFCore\DiscountManagement.Infrastructure.EFCore.csproj", "{F40EB260-72D3-41CE-8811-947F805D98B8}"
EndProject
Project("{9A19103F-16F7-4668-BE54-9A1E7A4F7556}") = "DiscountManagement.Configuration", "DiscountManagement.Configuration\DiscountManagement.Configuration.csproj", "{2CEED39E-5538-4159-84C4-61C0295E3D8E}"
EndProject
Project("{2150E333-8FDC-42A3-9474-1A3956D46DE8}") = "InventoryManagement", "InventoryManagement", "{BF13177E-9811-4176-B12D-4E24C640A5AE}"
EndProject
Project("{2150E333-8FDC-42A3-9474-1A3956D46DE8}") = "IM.Domain", "IM.Domain", "{326EDBDF-7F00-47FB-BF33-EECED64BF998}"
EndProject
Project("{9A19103F-16F7-4668-BE54-9A1E7A4F7556}") = "InventoryManagement.Domain", "InventoryManagement.Domain\InventoryManagement.Domain.csproj", "{45E9FF78-25E0-4220-AE1A-A6219694AE7D}"
EndProject
Project("{2150E333-8FDC-42A3-9474-1A3956D46DE8}") = "IM.Application", "IM.Application", "{07A1A4EE-9AA7-4DDB-B693-D76B1859C8A3}"
EndProject
Project("{9A19103F-16F7-4668-BE54-9A1E7A4F7556}") = "InventoryManagement.Application.Contract", "InventoryManagement.Application.Contract\InventoryManagement.Application.Contract.csproj", "{1EBA5D0F-15B5-4469-A7F5-4FE8919428DC}"
EndProject
Project("{2150E333-8FDC-42A3-9474-1A3956D46DE8}") = "IM.Infrastructure", "IM.Infrastructure", "{A0039123-1C11-46CE-9D6C-45D1D68F7ACB}"
EndProject
Project("{9A19103F-16F7-4668-BE54-9A1E7A4F7556}") = "InventoryManagement.Infrastructure.EFCore", "InventoryManagement.Infrastructure.EFCore\InventoryManagement.Infrastructure.EFCore.csproj", "{5E2D21DA-7097-4A61-961D-ED76C8442AF1}"
EndProject
Project("{9A19103F-16F7-4668-BE54-9A1E7A4F7556}") = "InventoryManagement.Infrastructure.Configuration", "InventoryManagement.Infrastructure.Configuration\InventoryManagement.Infrastructure.Configuration.csproj", "{AC5043DF-AA4C-4EC1-8DF0-EF415FAB9EB5}"
EndProject
Project("{9A19103F-16F7-4668-BE54-9A1E7A4F7556}") = "InventoryManagement.Application", "InventoryManagement.Application\InventoryManagement.Application.csproj", "{EC5B1E16-0C0D-4442-B9E9-C747537ED42B}"
EndProject
Project("{2150E333-8FDC-42A3-9474-1A3956D46DE8}") = "BlogManagement", "BlogManagement", "{1F4B8E5A-FB79-4900-9ED7-C81B7A322337}"
EndProject
Project("{2150E333-8FDC-42A3-9474-1A3956D46DE8}") = "BM.Domain", "BM.Domain", "{4F71971F-35C1-4137-9CE1-4CD07CD00B8B}"
EndProject
Project("{9A19103F-16F7-4668-BE54-9A1E7A4F7556}") = "BlogManagement.Domain", "BlogManagement.Domain\BlogManagement.Domain.csproj", "{4C8697D9-85C9-4F1D-8A5E-C4ED604BACD2}"
EndProject
Project("{2150E333-8FDC-42A3-9474-1A3956D46DE8}") = "BM.Application", "BM.Application", "{46DAF055-420F-413D-AD5C-7BD51FBEF105}"
EndProject
Project("{9A19103F-16F7-4668-BE54-9A1E7A4F7556}") = "BlogManagement.Application.Contracts", "BlogManagement.Application.Contracts\BlogManagement.Application.Contracts.csproj", "{A9678567-027D-40E4-9D64-A2D5C1ED9BC2}"
EndProject
Project("{9A19103F-16F7-4668-BE54-9A1E7A4F7556}") = "BlogManagement.Application", "BlogManagement.Application\BlogManagement.Application.csproj", "{539F7C5B-1351-4245-AECB-0CEA9B300593}"
EndProject
Project("{2150E333-8FDC-42A3-9474-1A3956D46DE8}") = "BM.Infrastructure", "BM.Infrastructure", "{D601BD64-0478-463E-B9C6-84F18825C4E8}"
EndProject
Project("{9A19103F-16F7-4668-BE54-9A1E7A4F7556}") = "BlogManagement.Infrastructure.EFCore", "BlogManagement.Infrastructure.EFCore\BlogManagement.Infrastructure.EFCore.csproj", "{B28AEC6C-6B0C-4BBB-B8B7-6AA1A4DE95E0}"
EndProject
Project("{9A19103F-16F7-4668-BE54-9A1E7A4F7556}") = "BlogManagement.Infrastructure.Configuration", "BlogManagement.Infrastructure.Configuration\BlogManagement.Infrastructure.Configuration.csproj", "{03891386-A410-46AE-B5E1-3BC2DC7C442C}"
EndProject
Project("{2150E333-8FDC-42A3-9474-1A3956D46DE8}") = "CommentManagement", "CommentManagement", "{B53BDF99-5B65-40A0-B507-89D19BA369DD}"
EndProject
Project("{2150E333-8FDC-42A3-9474-1A3956D46DE8}") = "CM.Domain", "CM.Domain", "{DA51F33B-4555-4FAA-A3D5-DD44E51C131D}"
EndProject
Project("{9A19103F-16F7-4668-BE54-9A1E7A4F7556}") = "CommentManagement.Domain", "CommentManagement.Domain\CommentManagement.Domain.csproj", "{07E2D71E-7DB4-44FA-B164-9EF82E0C01A0}"
EndProject
Project("{2150E333-8FDC-42A3-9474-1A3956D46DE8}") = "CM.Application", "CM.Application", "{5E517617-BF9E-4CA7-889F-8A141F3929EE}"
EndProject
Project("{9A19103F-16F7-4668-BE54-9A1E7A4F7556}") = "CommentManagement.Application.Contracts", "CommentManagement.Application.Contracts\CommentManagement.Application.Contracts.csproj", "{90F8889D-85B1-4131-B951-F41A6C9B2280}"
EndProject
Project("{9A19103F-16F7-4668-BE54-9A1E7A4F7556}") = "CommentManagement.Application", "CommentManagement.Application\CommentManagement.Application.csproj", "{916157E5-DB35-4E3D-A815-DDADED762F52}"
EndProject
Project("{2150E333-8FDC-42A3-9474-1A3956D46DE8}") = "CM.Infrastructure", "CM.Infrastructure", "{BBE1E257-267E-490A-99A1-CBE5D0A97A09}"
EndProject
Project("{9A19103F-16F7-4668-BE54-9A1E7A4F7556}") = "CommentManagement.Infrastructure.EFCore", "CommentManagement.Infrastructure.EFCore\CommentManagement.Infrastructure.EFCore.csproj", "{7650676B-A6FE-4779-AD7A-FB952D8EFE48}"
EndProject
Project("{FAE04EC0-301F-11D3-BF4B-00C04F79EFBC}") = "CommentManagement.Infrastructure.Configuration", "CommentManagement.Infrastructure.Configuration\CommentManagement.Infrastructure.Configuration.csproj", "{42B70D16-3458-4AA6-A808-B582B6F4D919}"
EndProject
Global
	GlobalSection(SolutionConfigurationPlatforms) = preSolution
		Debug|Any CPU = Debug|Any CPU
		Release|Any CPU = Release|Any CPU
	EndGlobalSection
	GlobalSection(ProjectConfigurationPlatforms) = postSolution
		{B2C94195-F4E4-40E6-9327-496C872AF891}.Debug|Any CPU.ActiveCfg = Debug|Any CPU
		{B2C94195-F4E4-40E6-9327-496C872AF891}.Debug|Any CPU.Build.0 = Debug|Any CPU
		{B2C94195-F4E4-40E6-9327-496C872AF891}.Release|Any CPU.ActiveCfg = Release|Any CPU
		{B2C94195-F4E4-40E6-9327-496C872AF891}.Release|Any CPU.Build.0 = Release|Any CPU
		{40B814E1-CA11-4BAE-B0FE-7AA78E42BA66}.Debug|Any CPU.ActiveCfg = Debug|Any CPU
		{40B814E1-CA11-4BAE-B0FE-7AA78E42BA66}.Debug|Any CPU.Build.0 = Debug|Any CPU
		{40B814E1-CA11-4BAE-B0FE-7AA78E42BA66}.Release|Any CPU.ActiveCfg = Release|Any CPU
		{40B814E1-CA11-4BAE-B0FE-7AA78E42BA66}.Release|Any CPU.Build.0 = Release|Any CPU
		{FF444A87-AA08-4F3C-8515-9B4639A3A24E}.Debug|Any CPU.ActiveCfg = Debug|Any CPU
		{FF444A87-AA08-4F3C-8515-9B4639A3A24E}.Debug|Any CPU.Build.0 = Debug|Any CPU
		{FF444A87-AA08-4F3C-8515-9B4639A3A24E}.Release|Any CPU.ActiveCfg = Release|Any CPU
		{FF444A87-AA08-4F3C-8515-9B4639A3A24E}.Release|Any CPU.Build.0 = Release|Any CPU
		{E232C0D2-3B99-4B70-8334-8A2D3567254A}.Debug|Any CPU.ActiveCfg = Debug|Any CPU
		{E232C0D2-3B99-4B70-8334-8A2D3567254A}.Debug|Any CPU.Build.0 = Debug|Any CPU
		{E232C0D2-3B99-4B70-8334-8A2D3567254A}.Release|Any CPU.ActiveCfg = Release|Any CPU
		{E232C0D2-3B99-4B70-8334-8A2D3567254A}.Release|Any CPU.Build.0 = Release|Any CPU
		{FF444748-A619-45D7-85B8-C77FCCE218FB}.Debug|Any CPU.ActiveCfg = Debug|Any CPU
		{FF444748-A619-45D7-85B8-C77FCCE218FB}.Debug|Any CPU.Build.0 = Debug|Any CPU
		{FF444748-A619-45D7-85B8-C77FCCE218FB}.Release|Any CPU.ActiveCfg = Release|Any CPU
		{FF444748-A619-45D7-85B8-C77FCCE218FB}.Release|Any CPU.Build.0 = Release|Any CPU
		{4383A913-55D8-4E95-8450-FC652058C678}.Debug|Any CPU.ActiveCfg = Debug|Any CPU
		{4383A913-55D8-4E95-8450-FC652058C678}.Debug|Any CPU.Build.0 = Debug|Any CPU
		{4383A913-55D8-4E95-8450-FC652058C678}.Release|Any CPU.ActiveCfg = Release|Any CPU
		{4383A913-55D8-4E95-8450-FC652058C678}.Release|Any CPU.Build.0 = Release|Any CPU
		{FDEF6BA4-FF19-4AE7-AF43-465308C85B57}.Debug|Any CPU.ActiveCfg = Debug|Any CPU
		{FDEF6BA4-FF19-4AE7-AF43-465308C85B57}.Debug|Any CPU.Build.0 = Debug|Any CPU
		{FDEF6BA4-FF19-4AE7-AF43-465308C85B57}.Release|Any CPU.ActiveCfg = Release|Any CPU
		{FDEF6BA4-FF19-4AE7-AF43-465308C85B57}.Release|Any CPU.Build.0 = Release|Any CPU
		{E704BD89-7CCC-40A2-A291-5031727106D2}.Debug|Any CPU.ActiveCfg = Debug|Any CPU
		{E704BD89-7CCC-40A2-A291-5031727106D2}.Debug|Any CPU.Build.0 = Debug|Any CPU
		{E704BD89-7CCC-40A2-A291-5031727106D2}.Release|Any CPU.ActiveCfg = Release|Any CPU
		{E704BD89-7CCC-40A2-A291-5031727106D2}.Release|Any CPU.Build.0 = Release|Any CPU
		{EE7797FA-4E11-469D-8B1A-348FA7F68D14}.Debug|Any CPU.ActiveCfg = Debug|Any CPU
		{EE7797FA-4E11-469D-8B1A-348FA7F68D14}.Debug|Any CPU.Build.0 = Debug|Any CPU
		{EE7797FA-4E11-469D-8B1A-348FA7F68D14}.Release|Any CPU.ActiveCfg = Release|Any CPU
		{EE7797FA-4E11-469D-8B1A-348FA7F68D14}.Release|Any CPU.Build.0 = Release|Any CPU
		{ACF070AD-E281-4BFD-AA1A-FA66604B8AC9}.Debug|Any CPU.ActiveCfg = Debug|Any CPU
		{ACF070AD-E281-4BFD-AA1A-FA66604B8AC9}.Debug|Any CPU.Build.0 = Debug|Any CPU
		{ACF070AD-E281-4BFD-AA1A-FA66604B8AC9}.Release|Any CPU.ActiveCfg = Release|Any CPU
		{ACF070AD-E281-4BFD-AA1A-FA66604B8AC9}.Release|Any CPU.Build.0 = Release|Any CPU
		{1C967934-7672-48D7-8412-B4FB369202B3}.Debug|Any CPU.ActiveCfg = Debug|Any CPU
		{1C967934-7672-48D7-8412-B4FB369202B3}.Debug|Any CPU.Build.0 = Debug|Any CPU
		{1C967934-7672-48D7-8412-B4FB369202B3}.Release|Any CPU.ActiveCfg = Release|Any CPU
		{1C967934-7672-48D7-8412-B4FB369202B3}.Release|Any CPU.Build.0 = Release|Any CPU
		{F40EB260-72D3-41CE-8811-947F805D98B8}.Debug|Any CPU.ActiveCfg = Debug|Any CPU
		{F40EB260-72D3-41CE-8811-947F805D98B8}.Debug|Any CPU.Build.0 = Debug|Any CPU
		{F40EB260-72D3-41CE-8811-947F805D98B8}.Release|Any CPU.ActiveCfg = Release|Any CPU
		{F40EB260-72D3-41CE-8811-947F805D98B8}.Release|Any CPU.Build.0 = Release|Any CPU
		{2CEED39E-5538-4159-84C4-61C0295E3D8E}.Debug|Any CPU.ActiveCfg = Debug|Any CPU
		{2CEED39E-5538-4159-84C4-61C0295E3D8E}.Debug|Any CPU.Build.0 = Debug|Any CPU
		{2CEED39E-5538-4159-84C4-61C0295E3D8E}.Release|Any CPU.ActiveCfg = Release|Any CPU
		{2CEED39E-5538-4159-84C4-61C0295E3D8E}.Release|Any CPU.Build.0 = Release|Any CPU
		{45E9FF78-25E0-4220-AE1A-A6219694AE7D}.Debug|Any CPU.ActiveCfg = Debug|Any CPU
		{45E9FF78-25E0-4220-AE1A-A6219694AE7D}.Debug|Any CPU.Build.0 = Debug|Any CPU
		{45E9FF78-25E0-4220-AE1A-A6219694AE7D}.Release|Any CPU.ActiveCfg = Release|Any CPU
		{45E9FF78-25E0-4220-AE1A-A6219694AE7D}.Release|Any CPU.Build.0 = Release|Any CPU
		{1EBA5D0F-15B5-4469-A7F5-4FE8919428DC}.Debug|Any CPU.ActiveCfg = Debug|Any CPU
		{1EBA5D0F-15B5-4469-A7F5-4FE8919428DC}.Debug|Any CPU.Build.0 = Debug|Any CPU
		{1EBA5D0F-15B5-4469-A7F5-4FE8919428DC}.Release|Any CPU.ActiveCfg = Release|Any CPU
		{1EBA5D0F-15B5-4469-A7F5-4FE8919428DC}.Release|Any CPU.Build.0 = Release|Any CPU
		{5E2D21DA-7097-4A61-961D-ED76C8442AF1}.Debug|Any CPU.ActiveCfg = Debug|Any CPU
		{5E2D21DA-7097-4A61-961D-ED76C8442AF1}.Debug|Any CPU.Build.0 = Debug|Any CPU
		{5E2D21DA-7097-4A61-961D-ED76C8442AF1}.Release|Any CPU.ActiveCfg = Release|Any CPU
		{5E2D21DA-7097-4A61-961D-ED76C8442AF1}.Release|Any CPU.Build.0 = Release|Any CPU
		{AC5043DF-AA4C-4EC1-8DF0-EF415FAB9EB5}.Debug|Any CPU.ActiveCfg = Debug|Any CPU
		{AC5043DF-AA4C-4EC1-8DF0-EF415FAB9EB5}.Debug|Any CPU.Build.0 = Debug|Any CPU
		{AC5043DF-AA4C-4EC1-8DF0-EF415FAB9EB5}.Release|Any CPU.ActiveCfg = Release|Any CPU
		{AC5043DF-AA4C-4EC1-8DF0-EF415FAB9EB5}.Release|Any CPU.Build.0 = Release|Any CPU
		{EC5B1E16-0C0D-4442-B9E9-C747537ED42B}.Debug|Any CPU.ActiveCfg = Debug|Any CPU
		{EC5B1E16-0C0D-4442-B9E9-C747537ED42B}.Debug|Any CPU.Build.0 = Debug|Any CPU
		{EC5B1E16-0C0D-4442-B9E9-C747537ED42B}.Release|Any CPU.ActiveCfg = Release|Any CPU
		{EC5B1E16-0C0D-4442-B9E9-C747537ED42B}.Release|Any CPU.Build.0 = Release|Any CPU
		{4C8697D9-85C9-4F1D-8A5E-C4ED604BACD2}.Debug|Any CPU.ActiveCfg = Debug|Any CPU
		{4C8697D9-85C9-4F1D-8A5E-C4ED604BACD2}.Debug|Any CPU.Build.0 = Debug|Any CPU
		{4C8697D9-85C9-4F1D-8A5E-C4ED604BACD2}.Release|Any CPU.ActiveCfg = Release|Any CPU
		{4C8697D9-85C9-4F1D-8A5E-C4ED604BACD2}.Release|Any CPU.Build.0 = Release|Any CPU
		{A9678567-027D-40E4-9D64-A2D5C1ED9BC2}.Debug|Any CPU.ActiveCfg = Debug|Any CPU
		{A9678567-027D-40E4-9D64-A2D5C1ED9BC2}.Debug|Any CPU.Build.0 = Debug|Any CPU
		{A9678567-027D-40E4-9D64-A2D5C1ED9BC2}.Release|Any CPU.ActiveCfg = Release|Any CPU
		{A9678567-027D-40E4-9D64-A2D5C1ED9BC2}.Release|Any CPU.Build.0 = Release|Any CPU
		{539F7C5B-1351-4245-AECB-0CEA9B300593}.Debug|Any CPU.ActiveCfg = Debug|Any CPU
		{539F7C5B-1351-4245-AECB-0CEA9B300593}.Debug|Any CPU.Build.0 = Debug|Any CPU
		{539F7C5B-1351-4245-AECB-0CEA9B300593}.Release|Any CPU.ActiveCfg = Release|Any CPU
		{539F7C5B-1351-4245-AECB-0CEA9B300593}.Release|Any CPU.Build.0 = Release|Any CPU
		{B28AEC6C-6B0C-4BBB-B8B7-6AA1A4DE95E0}.Debug|Any CPU.ActiveCfg = Debug|Any CPU
		{B28AEC6C-6B0C-4BBB-B8B7-6AA1A4DE95E0}.Debug|Any CPU.Build.0 = Debug|Any CPU
		{B28AEC6C-6B0C-4BBB-B8B7-6AA1A4DE95E0}.Release|Any CPU.ActiveCfg = Release|Any CPU
		{B28AEC6C-6B0C-4BBB-B8B7-6AA1A4DE95E0}.Release|Any CPU.Build.0 = Release|Any CPU
		{03891386-A410-46AE-B5E1-3BC2DC7C442C}.Debug|Any CPU.ActiveCfg = Debug|Any CPU
		{03891386-A410-46AE-B5E1-3BC2DC7C442C}.Debug|Any CPU.Build.0 = Debug|Any CPU
		{03891386-A410-46AE-B5E1-3BC2DC7C442C}.Release|Any CPU.ActiveCfg = Release|Any CPU
		{03891386-A410-46AE-B5E1-3BC2DC7C442C}.Release|Any CPU.Build.0 = Release|Any CPU
		{07E2D71E-7DB4-44FA-B164-9EF82E0C01A0}.Debug|Any CPU.ActiveCfg = Debug|Any CPU
		{07E2D71E-7DB4-44FA-B164-9EF82E0C01A0}.Debug|Any CPU.Build.0 = Debug|Any CPU
		{07E2D71E-7DB4-44FA-B164-9EF82E0C01A0}.Release|Any CPU.ActiveCfg = Release|Any CPU
		{07E2D71E-7DB4-44FA-B164-9EF82E0C01A0}.Release|Any CPU.Build.0 = Release|Any CPU
		{90F8889D-85B1-4131-B951-F41A6C9B2280}.Debug|Any CPU.ActiveCfg = Debug|Any CPU
		{90F8889D-85B1-4131-B951-F41A6C9B2280}.Debug|Any CPU.Build.0 = Debug|Any CPU
		{90F8889D-85B1-4131-B951-F41A6C9B2280}.Release|Any CPU.ActiveCfg = Release|Any CPU
		{90F8889D-85B1-4131-B951-F41A6C9B2280}.Release|Any CPU.Build.0 = Release|Any CPU
		{916157E5-DB35-4E3D-A815-DDADED762F52}.Debug|Any CPU.ActiveCfg = Debug|Any CPU
		{916157E5-DB35-4E3D-A815-DDADED762F52}.Debug|Any CPU.Build.0 = Debug|Any CPU
		{916157E5-DB35-4E3D-A815-DDADED762F52}.Release|Any CPU.ActiveCfg = Release|Any CPU
		{916157E5-DB35-4E3D-A815-DDADED762F52}.Release|Any CPU.Build.0 = Release|Any CPU
		{7650676B-A6FE-4779-AD7A-FB952D8EFE48}.Debug|Any CPU.ActiveCfg = Debug|Any CPU
		{7650676B-A6FE-4779-AD7A-FB952D8EFE48}.Debug|Any CPU.Build.0 = Debug|Any CPU
		{7650676B-A6FE-4779-AD7A-FB952D8EFE48}.Release|Any CPU.ActiveCfg = Release|Any CPU
		{7650676B-A6FE-4779-AD7A-FB952D8EFE48}.Release|Any CPU.Build.0 = Release|Any CPU
		{42B70D16-3458-4AA6-A808-B582B6F4D919}.Debug|Any CPU.ActiveCfg = Debug|Any CPU
		{42B70D16-3458-4AA6-A808-B582B6F4D919}.Debug|Any CPU.Build.0 = Debug|Any CPU
		{42B70D16-3458-4AA6-A808-B582B6F4D919}.Release|Any CPU.ActiveCfg = Release|Any CPU
		{42B70D16-3458-4AA6-A808-B582B6F4D919}.Release|Any CPU.Build.0 = Release|Any CPU
	EndGlobalSection
	GlobalSection(SolutionProperties) = preSolution
		HideSolutionNode = FALSE
	EndGlobalSection
	GlobalSection(NestedProjects) = preSolution
		{0F5C3F68-9EDB-49E5-A94F-DE12A93EFE80} = {5D7477D2-B38A-4C7F-B5FB-5B39650848C5}
		{B2C94195-F4E4-40E6-9327-496C872AF891} = {0F5C3F68-9EDB-49E5-A94F-DE12A93EFE80}
		{FF51F925-6919-4CF6-9CF4-FF12BBFA8E52} = {5D7477D2-B38A-4C7F-B5FB-5B39650848C5}
		{FF444A87-AA08-4F3C-8515-9B4639A3A24E} = {FF51F925-6919-4CF6-9CF4-FF12BBFA8E52}
		{E232C0D2-3B99-4B70-8334-8A2D3567254A} = {FF51F925-6919-4CF6-9CF4-FF12BBFA8E52}
		{8F973785-2A31-40C3-A002-A20880EDAA4F} = {5D7477D2-B38A-4C7F-B5FB-5B39650848C5}
		{FF444748-A619-45D7-85B8-C77FCCE218FB} = {8F973785-2A31-40C3-A002-A20880EDAA4F}
		{4383A913-55D8-4E95-8450-FC652058C678} = {8F973785-2A31-40C3-A002-A20880EDAA4F}
		{E7D4EDA5-6FB5-4917-8426-0ACA3FE1F3E1} = {4B848D59-2E98-4FCC-859D-5D10BA967EC7}
		{EE7797FA-4E11-469D-8B1A-348FA7F68D14} = {E7D4EDA5-6FB5-4917-8426-0ACA3FE1F3E1}
		{528C93AE-3C80-420A-B0BF-500A1C0D6D62} = {4B848D59-2E98-4FCC-859D-5D10BA967EC7}
		{ACF070AD-E281-4BFD-AA1A-FA66604B8AC9} = {528C93AE-3C80-420A-B0BF-500A1C0D6D62}
		{1C967934-7672-48D7-8412-B4FB369202B3} = {528C93AE-3C80-420A-B0BF-500A1C0D6D62}
		{1B5594F8-8DC7-4C9F-838B-3794788F7A2B} = {4B848D59-2E98-4FCC-859D-5D10BA967EC7}
		{F40EB260-72D3-41CE-8811-947F805D98B8} = {1B5594F8-8DC7-4C9F-838B-3794788F7A2B}
		{2CEED39E-5538-4159-84C4-61C0295E3D8E} = {1B5594F8-8DC7-4C9F-838B-3794788F7A2B}
		{326EDBDF-7F00-47FB-BF33-EECED64BF998} = {BF13177E-9811-4176-B12D-4E24C640A5AE}
		{45E9FF78-25E0-4220-AE1A-A6219694AE7D} = {326EDBDF-7F00-47FB-BF33-EECED64BF998}
		{07A1A4EE-9AA7-4DDB-B693-D76B1859C8A3} = {BF13177E-9811-4176-B12D-4E24C640A5AE}
		{1EBA5D0F-15B5-4469-A7F5-4FE8919428DC} = {07A1A4EE-9AA7-4DDB-B693-D76B1859C8A3}
		{A0039123-1C11-46CE-9D6C-45D1D68F7ACB} = {BF13177E-9811-4176-B12D-4E24C640A5AE}
		{5E2D21DA-7097-4A61-961D-ED76C8442AF1} = {A0039123-1C11-46CE-9D6C-45D1D68F7ACB}
		{AC5043DF-AA4C-4EC1-8DF0-EF415FAB9EB5} = {A0039123-1C11-46CE-9D6C-45D1D68F7ACB}
		{EC5B1E16-0C0D-4442-B9E9-C747537ED42B} = {07A1A4EE-9AA7-4DDB-B693-D76B1859C8A3}
		{4F71971F-35C1-4137-9CE1-4CD07CD00B8B} = {1F4B8E5A-FB79-4900-9ED7-C81B7A322337}
		{4C8697D9-85C9-4F1D-8A5E-C4ED604BACD2} = {4F71971F-35C1-4137-9CE1-4CD07CD00B8B}
		{46DAF055-420F-413D-AD5C-7BD51FBEF105} = {1F4B8E5A-FB79-4900-9ED7-C81B7A322337}
		{A9678567-027D-40E4-9D64-A2D5C1ED9BC2} = {46DAF055-420F-413D-AD5C-7BD51FBEF105}
		{539F7C5B-1351-4245-AECB-0CEA9B300593} = {46DAF055-420F-413D-AD5C-7BD51FBEF105}
		{D601BD64-0478-463E-B9C6-84F18825C4E8} = {1F4B8E5A-FB79-4900-9ED7-C81B7A322337}
		{B28AEC6C-6B0C-4BBB-B8B7-6AA1A4DE95E0} = {D601BD64-0478-463E-B9C6-84F18825C4E8}
		{03891386-A410-46AE-B5E1-3BC2DC7C442C} = {D601BD64-0478-463E-B9C6-84F18825C4E8}
		{DA51F33B-4555-4FAA-A3D5-DD44E51C131D} = {B53BDF99-5B65-40A0-B507-89D19BA369DD}
		{07E2D71E-7DB4-44FA-B164-9EF82E0C01A0} = {DA51F33B-4555-4FAA-A3D5-DD44E51C131D}
		{5E517617-BF9E-4CA7-889F-8A141F3929EE} = {B53BDF99-5B65-40A0-B507-89D19BA369DD}
		{90F8889D-85B1-4131-B951-F41A6C9B2280} = {5E517617-BF9E-4CA7-889F-8A141F3929EE}
		{916157E5-DB35-4E3D-A815-DDADED762F52} = {5E517617-BF9E-4CA7-889F-8A141F3929EE}
		{BBE1E257-267E-490A-99A1-CBE5D0A97A09} = {B53BDF99-5B65-40A0-B507-89D19BA369DD}
		{7650676B-A6FE-4779-AD7A-FB952D8EFE48} = {BBE1E257-267E-490A-99A1-CBE5D0A97A09}
		{42B70D16-3458-4AA6-A808-B582B6F4D919} = {BBE1E257-267E-490A-99A1-CBE5D0A97A09}
	EndGlobalSection
	GlobalSection(ExtensibilityGlobals) = postSolution
		SolutionGuid = {F48F6893-2E09-406F-9265-6DE1CC4A6618}
	EndGlobalSection
EndGlobal
