
Microsoft Visual Studio Solution File, Format Version 12.00
# Visual Studio Version 16
VisualStudioVersion = 16.0.30717.126
MinimumVisualStudioVersion = 10.0.40219.1
Project("{2150E333-8FDC-42A3-9474-1A3956D46DE8}") = "ShopManagement", "ShopManagement", "{5D7477D2-B38A-4C7F-B5FB-5B39650848C5}"
EndProject
Project("{2150E333-8FDC-42A3-9474-1A3956D46DE8}") = "SM.Domain", "SM.Domain", "{0F5C3F68-9EDB-49E5-A94F-DE12A93EFE80}"
EndProject
Project("{9A19103F-16F7-4668-BE54-9A1E7A4F7556}") = "ShopManagement.Domain", "ShopManagement.Domain\ShopManagement.Domain.csproj", "{B2C94195-F4E4-40E6-9327-496C872AF891}"
EndProject
Project("{9A19103F-16F7-4668-BE54-9A1E7A4F7556}") = "0_Framework", "0_Framework\0_Framework.csproj", "{40B814E1-CA11-4BAE-B0FE-7AA78E42BA66}"
EndProject
Project("{2150E333-8FDC-42A3-9474-1A3956D46DE8}") = "SM.Application", "SM.Application", "{FF51F925-6919-4CF6-9CF4-FF12BBFA8E52}"
EndProject
Project("{9A19103F-16F7-4668-BE54-9A1E7A4F7556}") = "ShopManagement.Application.Contracts", "ShopManagement.Application.Contracts\ShopManagement.Application.Contracts.csproj", "{FF444A87-AA08-4F3C-8515-9B4639A3A24E}"
EndProject
Project("{9A19103F-16F7-4668-BE54-9A1E7A4F7556}") = "ShopManagement.Application", "ShopManagement.Application\ShopManagement.Application.csproj", "{E232C0D2-3B99-4B70-8334-8A2D3567254A}"
	ProjectSection(ProjectDependencies) = postProject
		{40B814E1-CA11-4BAE-B0FE-7AA78E42BA66} = {40B814E1-CA11-4BAE-B0FE-7AA78E42BA66}
	EndProjectSection
EndProject
Project("{2150E333-8FDC-42A3-9474-1A3956D46DE8}") = "SM.Infrastructure", "SM.Infrastructure", "{8F973785-2A31-40C3-A002-A20880EDAA4F}"
EndProject
Project("{9A19103F-16F7-4668-BE54-9A1E7A4F7556}") = "ShopManagement.Infrastructure.EFCore", "ShopManagement.Infrastructure.EFCore\ShopManagement.Infrastructure.EFCore.csproj", "{FF444748-A619-45D7-85B8-C77FCCE218FB}"
EndProject
Project("{9A19103F-16F7-4668-BE54-9A1E7A4F7556}") = "ShopManagement.Configuration", "ShopManagement.Configuration\ShopManagement.Configuration.csproj", "{4383A913-55D8-4E95-8450-FC652058C678}"
EndProject
Project("{9A19103F-16F7-4668-BE54-9A1E7A4F7556}") = "ServiceHost", "ServiceHost\ServiceHost.csproj", "{FDEF6BA4-FF19-4AE7-AF43-465308C85B57}"
EndProject
Project("{9A19103F-16F7-4668-BE54-9A1E7A4F7556}") = "01_ShopFinalQuery", "01_ShopFinalQuery\01_ShopFinalQuery.csproj", "{E704BD89-7CCC-40A2-A291-5031727106D2}"
EndProject
Project("{2150E333-8FDC-42A3-9474-1A3956D46DE8}") = "DiscountManagement", "DiscountManagement", "{4B848D59-2E98-4FCC-859D-5D10BA967EC7}"
EndProject
Project("{2150E333-8FDC-42A3-9474-1A3956D46DE8}") = "DM.Domain", "DM.Domain", "{E7D4EDA5-6FB5-4917-8426-0ACA3FE1F3E1}"
EndProject
Project("{9A19103F-16F7-4668-BE54-9A1E7A4F7556}") = "DiscountManagement.Domain", "DiscountManagement.Domain\DiscountManagement.Domain.csproj", "{EE7797FA-4E11-469D-8B1A-348FA7F68D14}"
EndProject
Project("{2150E333-8FDC-42A3-9474-1A3956D46DE8}") = "DM.Application", "DM.Application", "{528C93AE-3C80-420A-B0BF-500A1C0D6D62}"
EndProject
Project("{9A19103F-16F7-4668-BE54-9A1E7A4F7556}") = "DiscountManagement.Application.Contract", "DiscountManagement.Application.Contract\DiscountManagement.Application.Contract.csproj", "{ACF070AD-E281-4BFD-AA1A-FA66604B8AC9}"
EndProject
Project("{9A19103F-16F7-4668-BE54-9A1E7A4F7556}") = "DiscountManagement.Application", "DiscountManagement.Application\DiscountManagement.Application.csproj", "{1C967934-7672-48D7-8412-B4FB369202B3}"
EndProject
Project("{2150E333-8FDC-42A3-9474-1A3956D46DE8}") = "DM.Infrastructure", "DM.Infrastructure", "{1B5594F8-8DC7-4C9F-838B-3794788F7A2B}"
EndProject
Project("{9A19103F-16F7-4668-BE54-9A1E7A4F7556}") = "DiscountManagement.Infrastructure.EFCore", "DiscountManagement.Infrastructure.EFCore\DiscountManagement.Infrastructure.EFCore.csproj", "{F40EB260-72D3-41CE-8811-947F805D98B8}"
EndProject
Project("{FAE04EC0-301F-11D3-BF4B-00C04F79EFBC}") = "DiscountManagement.Configuration", "DiscountManagement.Configuration\DiscountManagement.Configuration.csproj", "{2CEED39E-5538-4159-84C4-61C0295E3D8E}"
EndProject
Global
	GlobalSection(SolutionConfigurationPlatforms) = preSolution
		Debug|Any CPU = Debug|Any CPU
		Release|Any CPU = Release|Any CPU
	EndGlobalSection
	GlobalSection(ProjectConfigurationPlatforms) = postSolution
		{B2C94195-F4E4-40E6-9327-496C872AF891}.Debug|Any CPU.ActiveCfg = Debug|Any CPU
		{B2C94195-F4E4-40E6-9327-496C872AF891}.Debug|Any CPU.Build.0 = Debug|Any CPU
		{B2C94195-F4E4-40E6-9327-496C872AF891}.Release|Any CPU.ActiveCfg = Release|Any CPU
		{B2C94195-F4E4-40E6-9327-496C872AF891}.Release|Any CPU.Build.0 = Release|Any CPU
		{40B814E1-CA11-4BAE-B0FE-7AA78E42BA66}.Debug|Any CPU.ActiveCfg = Debug|Any CPU
		{40B814E1-CA11-4BAE-B0FE-7AA78E42BA66}.Debug|Any CPU.Build.0 = Debug|Any CPU
		{40B814E1-CA11-4BAE-B0FE-7AA78E42BA66}.Release|Any CPU.ActiveCfg = Release|Any CPU
		{40B814E1-CA11-4BAE-B0FE-7AA78E42BA66}.Release|Any CPU.Build.0 = Release|Any CPU
		{FF444A87-AA08-4F3C-8515-9B4639A3A24E}.Debug|Any CPU.ActiveCfg = Debug|Any CPU
		{FF444A87-AA08-4F3C-8515-9B4639A3A24E}.Debug|Any CPU.Build.0 = Debug|Any CPU
		{FF444A87-AA08-4F3C-8515-9B4639A3A24E}.Release|Any CPU.ActiveCfg = Release|Any CPU
		{FF444A87-AA08-4F3C-8515-9B4639A3A24E}.Release|Any CPU.Build.0 = Release|Any CPU
		{E232C0D2-3B99-4B70-8334-8A2D3567254A}.Debug|Any CPU.ActiveCfg = Debug|Any CPU
		{E232C0D2-3B99-4B70-8334-8A2D3567254A}.Debug|Any CPU.Build.0 = Debug|Any CPU
		{E232C0D2-3B99-4B70-8334-8A2D3567254A}.Release|Any CPU.ActiveCfg = Release|Any CPU
		{E232C0D2-3B99-4B70-8334-8A2D3567254A}.Release|Any CPU.Build.0 = Release|Any CPU
		{FF444748-A619-45D7-85B8-C77FCCE218FB}.Debug|Any CPU.ActiveCfg = Debug|Any CPU
		{FF444748-A619-45D7-85B8-C77FCCE218FB}.Debug|Any CPU.Build.0 = Debug|Any CPU
		{FF444748-A619-45D7-85B8-C77FCCE218FB}.Release|Any CPU.ActiveCfg = Release|Any CPU
		{FF444748-A619-45D7-85B8-C77FCCE218FB}.Release|Any CPU.Build.0 = Release|Any CPU
		{4383A913-55D8-4E95-8450-FC652058C678}.Debug|Any CPU.ActiveCfg = Debug|Any CPU
		{4383A913-55D8-4E95-8450-FC652058C678}.Debug|Any CPU.Build.0 = Debug|Any CPU
		{4383A913-55D8-4E95-8450-FC652058C678}.Release|Any CPU.ActiveCfg = Release|Any CPU
		{4383A913-55D8-4E95-8450-FC652058C678}.Release|Any CPU.Build.0 = Release|Any CPU
		{FDEF6BA4-FF19-4AE7-AF43-465308C85B57}.Debug|Any CPU.ActiveCfg = Debug|Any CPU
		{FDEF6BA4-FF19-4AE7-AF43-465308C85B57}.Debug|Any CPU.Build.0 = Debug|Any CPU
		{FDEF6BA4-FF19-4AE7-AF43-465308C85B57}.Release|Any CPU.ActiveCfg = Release|Any CPU
		{FDEF6BA4-FF19-4AE7-AF43-465308C85B57}.Release|Any CPU.Build.0 = Release|Any CPU
		{E704BD89-7CCC-40A2-A291-5031727106D2}.Debug|Any CPU.ActiveCfg = Debug|Any CPU
		{E704BD89-7CCC-40A2-A291-5031727106D2}.Debug|Any CPU.Build.0 = Debug|Any CPU
		{E704BD89-7CCC-40A2-A291-5031727106D2}.Release|Any CPU.ActiveCfg = Release|Any CPU
		{E704BD89-7CCC-40A2-A291-5031727106D2}.Release|Any CPU.Build.0 = Release|Any CPU
		{EE7797FA-4E11-469D-8B1A-348FA7F68D14}.Debug|Any CPU.ActiveCfg = Debug|Any CPU
		{EE7797FA-4E11-469D-8B1A-348FA7F68D14}.Debug|Any CPU.Build.0 = Debug|Any CPU
		{EE7797FA-4E11-469D-8B1A-348FA7F68D14}.Release|Any CPU.ActiveCfg = Release|Any CPU
		{EE7797FA-4E11-469D-8B1A-348FA7F68D14}.Release|Any CPU.Build.0 = Release|Any CPU
		{ACF070AD-E281-4BFD-AA1A-FA66604B8AC9}.Debug|Any CPU.ActiveCfg = Debug|Any CPU
		{ACF070AD-E281-4BFD-AA1A-FA66604B8AC9}.Debug|Any CPU.Build.0 = Debug|Any CPU
		{ACF070AD-E281-4BFD-AA1A-FA66604B8AC9}.Release|Any CPU.ActiveCfg = Release|Any CPU
		{ACF070AD-E281-4BFD-AA1A-FA66604B8AC9}.Release|Any CPU.Build.0 = Release|Any CPU
		{1C967934-7672-48D7-8412-B4FB369202B3}.Debug|Any CPU.ActiveCfg = Debug|Any CPU
		{1C967934-7672-48D7-8412-B4FB369202B3}.Debug|Any CPU.Build.0 = Debug|Any CPU
		{1C967934-7672-48D7-8412-B4FB369202B3}.Release|Any CPU.ActiveCfg = Release|Any CPU
		{1C967934-7672-48D7-8412-B4FB369202B3}.Release|Any CPU.Build.0 = Release|Any CPU
		{F40EB260-72D3-41CE-8811-947F805D98B8}.Debug|Any CPU.ActiveCfg = Debug|Any CPU
		{F40EB260-72D3-41CE-8811-947F805D98B8}.Debug|Any CPU.Build.0 = Debug|Any CPU
		{F40EB260-72D3-41CE-8811-947F805D98B8}.Release|Any CPU.ActiveCfg = Release|Any CPU
		{F40EB260-72D3-41CE-8811-947F805D98B8}.Release|Any CPU.Build.0 = Release|Any CPU
		{2CEED39E-5538-4159-84C4-61C0295E3D8E}.Debug|Any CPU.ActiveCfg = Debug|Any CPU
		{2CEED39E-5538-4159-84C4-61C0295E3D8E}.Debug|Any CPU.Build.0 = Debug|Any CPU
		{2CEED39E-5538-4159-84C4-61C0295E3D8E}.Release|Any CPU.ActiveCfg = Release|Any CPU
		{2CEED39E-5538-4159-84C4-61C0295E3D8E}.Release|Any CPU.Build.0 = Release|Any CPU
	EndGlobalSection
	GlobalSection(SolutionProperties) = preSolution
		HideSolutionNode = FALSE
	EndGlobalSection
	GlobalSection(NestedProjects) = preSolution
		{0F5C3F68-9EDB-49E5-A94F-DE12A93EFE80} = {5D7477D2-B38A-4C7F-B5FB-5B39650848C5}
		{B2C94195-F4E4-40E6-9327-496C872AF891} = {0F5C3F68-9EDB-49E5-A94F-DE12A93EFE80}
		{FF51F925-6919-4CF6-9CF4-FF12BBFA8E52} = {5D7477D2-B38A-4C7F-B5FB-5B39650848C5}
		{FF444A87-AA08-4F3C-8515-9B4639A3A24E} = {FF51F925-6919-4CF6-9CF4-FF12BBFA8E52}
		{E232C0D2-3B99-4B70-8334-8A2D3567254A} = {FF51F925-6919-4CF6-9CF4-FF12BBFA8E52}
		{8F973785-2A31-40C3-A002-A20880EDAA4F} = {5D7477D2-B38A-4C7F-B5FB-5B39650848C5}
		{FF444748-A619-45D7-85B8-C77FCCE218FB} = {8F973785-2A31-40C3-A002-A20880EDAA4F}
		{4383A913-55D8-4E95-8450-FC652058C678} = {8F973785-2A31-40C3-A002-A20880EDAA4F}
		{E7D4EDA5-6FB5-4917-8426-0ACA3FE1F3E1} = {4B848D59-2E98-4FCC-859D-5D10BA967EC7}
		{EE7797FA-4E11-469D-8B1A-348FA7F68D14} = {E7D4EDA5-6FB5-4917-8426-0ACA3FE1F3E1}
		{528C93AE-3C80-420A-B0BF-500A1C0D6D62} = {4B848D59-2E98-4FCC-859D-5D10BA967EC7}
		{ACF070AD-E281-4BFD-AA1A-FA66604B8AC9} = {528C93AE-3C80-420A-B0BF-500A1C0D6D62}
		{1C967934-7672-48D7-8412-B4FB369202B3} = {528C93AE-3C80-420A-B0BF-500A1C0D6D62}
		{1B5594F8-8DC7-4C9F-838B-3794788F7A2B} = {4B848D59-2E98-4FCC-859D-5D10BA967EC7}
		{F40EB260-72D3-41CE-8811-947F805D98B8} = {1B5594F8-8DC7-4C9F-838B-3794788F7A2B}
		{2CEED39E-5538-4159-84C4-61C0295E3D8E} = {1B5594F8-8DC7-4C9F-838B-3794788F7A2B}
	EndGlobalSection
	GlobalSection(ExtensibilityGlobals) = postSolution
		SolutionGuid = {F48F6893-2E09-406F-9265-6DE1CC4A6618}
	EndGlobalSection
EndGlobal
